
Microsoft Visual Studio Solution File, Format Version 12.00
# Visual Studio Version 17
VisualStudioVersion = 17.0.32112.339
MinimumVisualStudioVersion = 10.0.40219.1
Project("{FAE04EC0-301F-11D3-BF4B-00C04F79EFBC}") = "JWTRefreshTokens", "JWTRefreshTokens\JWTRefreshTokens.csproj", "{FD4C9D28-40D7-4D01-A3A7-8B4CD557F57E}"
EndProject
Global
	GlobalSection(SolutionConfigurationPlatforms) = preSolution
		Debug|Any CPU = Debug|Any CPU
		Release|Any CPU = Release|Any CPU
	EndGlobalSection
	GlobalSection(ProjectConfigurationPlatforms) = postSolution
		{FD4C9D28-40D7-4D01-A3A7-8B4CD557F57E}.Debug|Any CPU.ActiveCfg = Debug|Any CPU
		{FD4C9D28-40D7-4D01-A3A7-8B4CD557F57E}.Debug|Any CPU.Build.0 = Debug|Any CPU
		{FD4C9D28-40D7-4D01-A3A7-8B4CD557F57E}.Release|Any CPU.ActiveCfg = Release|Any CPU
		{FD4C9D28-40D7-4D01-A3A7-8B4CD557F57E}.Release|Any CPU.Build.0 = Release|Any CPU
	EndGlobalSection
	GlobalSection(SolutionProperties) = preSolution
		HideSolutionNode = FALSE
	EndGlobalSection
	GlobalSection(ExtensibilityGlobals) = postSolution
		SolutionGuid = {3BBD3997-D777-4EB8-B733-47C6DF7EBECA}
	EndGlobalSection
EndGlobal
